github.com/golang/protobuf v1.5.4 h1:i7eJL8qZTpSEXOPTxNKhASYpMn+8e5Q6AdndVa1dWek=
github.com/golang/protobuf v1.5.4/go.mod h1:lnTiLA8Wa4RWRcIUkrtSVa5nRhsEGBg48fD6rSs7xps=
github.com/klauspost/compress v1.18.0 h1:c/Cqfb0r+Yi+JtIEq73FWXVkRonBlf0CRNYc8Zttxdo=
github.com/klauspost/compress v1.18.0/go.mod h1:2Pp+KzxcywXVXMr50+X0Q/Lsb43OQHYWRCY2AiWywWQ=
github.com/pkg/errors v0.9.1 h1:FEBLx1zS214owpjy7qsBeixbURkuhQAwrK5UwLGTwt4=
github.com/pkg/errors v0.9.1/go.mod h1:bwawxfHBFNV+L2hUp1rHADufV3IMtnDRdf1r5NINEl0=
github.com/stellar/go v0.0.0-20250213232608-c453f8b35c75 h1:luZ1Kv/3GZ+2EJMoj2H/bfxgOPKm8h753MkHta6Bhbs=
github.com/stellar/go v0.0.0-20250213232608-c453f8b35c75/go.mod h1:pIh0xYFVnaMP9fLnjFT7URY9Zhwy5wuc6tQkYybKkUY=
github.com/stellar/go-xdr v0.0.0-20231122183749-b53fb00bcac2 h1:OzCVd0SV5qE3ZcDeSFCmOWLZfEWZ3Oe8KtmSOYKEVWE=
github.com/stellar/go-xdr v0.0.0-20231122183749-b53fb00bcac2/go.mod h1:yoxyU/M8nl9LKeWIoBrbDPQ7Cy+4jxRcWcOayZ4BMps=
github.com/withObsrvr/pluginapi v0.0.0-20250223142012-7ad7945a017b h1:TpFrXsnW2tqIPBttbkCkzoiSOVcaUGa64TXzvbDv8qs=
github.com/withObsrvr/pluginapi v0.0.0-20250223142012-7ad7945a017b/go.mod h1:dzems7mHyIuePyWboSsSrRwyroiV1hIf7vFvtL+RJXE=
github.com/withObsrvr/pluginapi v0.0.0-20250225132400-bf3897171a35 h1:PZtHfLHA2gJ3JhuFGREaIMKC9IT9u//V3G1x41z/BQI=
github.com/withObsrvr/pluginapi v0.0.0-20250225132400-bf3897171a35/go.mod h1:pmxJBcOqhV1tvkkVF2qatGW9NvvoqcHbRbLwpw/OzKA=
github.com/withObsrvr/pluginapi v0.0.0-20250303141549-e645e333195c h1:iVGI7G6xuvCUsy3E7Q+tOxu59yL21nHzpmK1T5cPsWg=
github.com/withObsrvr/pluginapi v0.0.0-20250303141549-e645e333195c/go.mod h1:pmxJBcOqhV1tvkkVF2qatGW9NvvoqcHbRbLwpw/OzKA=
google.golang.org/protobuf v1.36.5 h1:tPhr+woSbjfYvY6/GPufUoYizxw1cF/yFoxJ2fmpwlM=
google.golang.org/protobuf v1.36.5/go.mod h1:9fA7Ob0pmnwhb644+1+CVWFRbNajQ6iRojtC/QF5bRE=
